
Microsoft Visual Studio Solution File, Format Version 12.00
# Visual Studio 15
VisualStudioVersion = 15.0.27428.2037
MinimumVisualStudioVersion = 10.0.40219.1
Project("{FAE04EC0-301F-11D3-BF4B-00C04F79EFBC}") = "UI", "UI\UI.csproj", "{888C84C0-FA5F-419D-9CA3-10EA7032F40A}"
EndProject
Project("{FAE04EC0-301F-11D3-BF4B-00C04F79EFBC}") = "LOGIC", "LOGIC\LOGIC.csproj", "{C7B8FB5E-82A1-4D8F-A8BA-169F2983E047}"
EndProject
Project("{FAE04EC0-301F-11D3-BF4B-00C04F79EFBC}") = "DATALAYER", "DATALAYER\DATALAYER.csproj", "{4EBF55D7-E1DA-4F6A-8CD5-C260676B05AD}"
EndProject
Global
	GlobalSection(SolutionConfigurationPlatforms) = preSolution
		Debug|Any CPU = Debug|Any CPU
		Release|Any CPU = Release|Any CPU
	EndGlobalSection
	GlobalSection(ProjectConfigurationPlatforms) = postSolution
		{888C84C0-FA5F-419D-9CA3-10EA7032F40A}.Debug|Any CPU.ActiveCfg = Debug|Any CPU
		{888C84C0-FA5F-419D-9CA3-10EA7032F40A}.Debug|Any CPU.Build.0 = Debug|Any CPU
		{888C84C0-FA5F-419D-9CA3-10EA7032F40A}.Release|Any CPU.ActiveCfg = Release|Any CPU
		{888C84C0-FA5F-419D-9CA3-10EA7032F40A}.Release|Any CPU.Build.0 = Release|Any CPU
		{C7B8FB5E-82A1-4D8F-A8BA-169F2983E047}.Debug|Any CPU.ActiveCfg = Debug|Any CPU
		{C7B8FB5E-82A1-4D8F-A8BA-169F2983E047}.Debug|Any CPU.Build.0 = Debug|Any CPU
		{C7B8FB5E-82A1-4D8F-A8BA-169F2983E047}.Release|Any CPU.ActiveCfg = Release|Any CPU
		{C7B8FB5E-82A1-4D8F-A8BA-169F2983E047}.Release|Any CPU.Build.0 = Release|Any CPU
		{4EBF55D7-E1DA-4F6A-8CD5-C260676B05AD}.Debug|Any CPU.ActiveCfg = Debug|Any CPU
		{4EBF55D7-E1DA-4F6A-8CD5-C260676B05AD}.Debug|Any CPU.Build.0 = Debug|Any CPU
		{4EBF55D7-E1DA-4F6A-8CD5-C260676B05AD}.Release|Any CPU.ActiveCfg = Release|Any CPU
		{4EBF55D7-E1DA-4F6A-8CD5-C260676B05AD}.Release|Any CPU.Build.0 = Release|Any CPU
	EndGlobalSection
	GlobalSection(SolutionProperties) = preSolution
		HideSolutionNode = FALSE
	EndGlobalSection
	GlobalSection(ExtensibilityGlobals) = postSolution
		SolutionGuid = {95B4E087-0741-438F-9194-3076138C28DB}
	EndGlobalSection
EndGlobal
